
Microsoft Visual Studio Solution File, Format Version 12.00
# Visual Studio Version 16
VisualStudioVersion = 16.0.33423.256
MinimumVisualStudioVersion = 10.0.40219.1
Project("{FAE04EC0-301F-11D3-BF4B-00C04F79EFBC}") = "CursoWindowsFormsAlura", "CursoWindowsFormsAlura\CursoWindowsFormsAlura.csproj", "{9BFF8D24-535D-4591-8AEC-D4117E05FA83}"
EndProject
Global
	GlobalSection(SolutionConfigurationPlatforms) = preSolution
		Debug|Any CPU = Debug|Any CPU
		Release|Any CPU = Release|Any CPU
	EndGlobalSection
	GlobalSection(ProjectConfigurationPlatforms) = postSolution
		{9BFF8D24-535D-4591-8AEC-D4117E05FA83}.Debug|Any CPU.ActiveCfg = Debug|Any CPU
		{9BFF8D24-535D-4591-8AEC-D4117E05FA83}.Debug|Any CPU.Build.0 = Debug|Any CPU
		{9BFF8D24-535D-4591-8AEC-D4117E05FA83}.Release|Any CPU.ActiveCfg = Release|Any CPU
		{9BFF8D24-535D-4591-8AEC-D4117E05FA83}.Release|Any CPU.Build.0 = Release|Any CPU
	EndGlobalSection
	GlobalSection(SolutionProperties) = preSolution
		HideSolutionNode = FALSE
	EndGlobalSection
	GlobalSection(ExtensibilityGlobals) = postSolution
		SolutionGuid = {95742492-5604-482D-9724-D49D92E7127D}
	EndGlobalSection
EndGlobal
